
Microsoft Visual Studio Solution File, Format Version 12.00
# Visual Studio Version 18
VisualStudioVersion = 18.1.11312.151 d18.0
MinimumVisualStudioVersion = 10.0.40219.1
Project("{9A19103F-16F7-4668-BE54-9A1E7A4F7556}") = "PESEL", "PESEL\PESEL.csproj", "{3A87DE1A-F288-47DA-85E7-F64DBE2C66F5}"
EndProject
Project("{FAE04EC0-301F-11D3-BF4B-00C04F79EFBC}") = "PESEL.Tests", "PESEL.Tests\PESEL.Tests.csproj", "{2096CC03-8BA2-4B1E-8B30-BEBAC462E01F}"
EndProject
Project("{FAE04EC0-301F-11D3-BF4B-00C04F79EFBC}") = "PESEL.System.ComponentModel.DataAnnotations", "PESEL.System.ComponentModel.DataAnnotations\PESEL.System.ComponentModel.DataAnnotations.csproj", "{4E445434-85B3-46CC-9FBB-4E75CD5D70FE}"
EndProject
Project("{FAE04EC0-301F-11D3-BF4B-00C04F79EFBC}") = "PESEL.Generator", "PESEL.Generator\PESEL.Generator.csproj", "{8692BE6B-2BBD-4254-824C-982E8BDEA196}"
EndProject
Project("{9A19103F-16F7-4668-BE54-9A1E7A4F7556}") = "PESEL.FluentValidation", "PESEL.FluentValidation\PESEL.FluentValidation.csproj", "{BB6B5B4A-F27F-42C7-99D1-9126E66C81EC}"
EndProject
Project("{2150E333-8FDC-42A3-9474-1A3956D46DE8}") = "workflows", "workflows", "{367175AD-5E6A-4D63-8E48-DA96C46AB615}"
	ProjectSection(SolutionItems) = preProject
		.github\workflows\codeql.yml = .github\workflows\codeql.yml
		.github\workflows\coverage.yml = .github\workflows\coverage.yml
		.github\workflows\dotnet.yml = .github\workflows\dotnet.yml
		.github\workflows\release-rc.yml = .github\workflows\release-rc.yml
		.github\workflows\sonarcloud.yml = .github\workflows\sonarcloud.yml
	EndProjectSection
EndProject
Global
	GlobalSection(SolutionConfigurationPlatforms) = preSolution
		Debug|Any CPU = Debug|Any CPU
		Release|Any CPU = Release|Any CPU
	EndGlobalSection
	GlobalSection(ProjectConfigurationPlatforms) = postSolution
		{3A87DE1A-F288-47DA-85E7-F64DBE2C66F5}.Debug|Any CPU.ActiveCfg = Debug|Any CPU
		{3A87DE1A-F288-47DA-85E7-F64DBE2C66F5}.Debug|Any CPU.Build.0 = Debug|Any CPU
		{3A87DE1A-F288-47DA-85E7-F64DBE2C66F5}.Release|Any CPU.ActiveCfg = Release|Any CPU
		{3A87DE1A-F288-47DA-85E7-F64DBE2C66F5}.Release|Any CPU.Build.0 = Release|Any CPU
		{2096CC03-8BA2-4B1E-8B30-BEBAC462E01F}.Debug|Any CPU.ActiveCfg = Debug|Any CPU
		{2096CC03-8BA2-4B1E-8B30-BEBAC462E01F}.Debug|Any CPU.Build.0 = Debug|Any CPU
		{2096CC03-8BA2-4B1E-8B30-BEBAC462E01F}.Release|Any CPU.ActiveCfg = Release|Any CPU
		{2096CC03-8BA2-4B1E-8B30-BEBAC462E01F}.Release|Any CPU.Build.0 = Release|Any CPU
		{4E445434-85B3-46CC-9FBB-4E75CD5D70FE}.Debug|Any CPU.ActiveCfg = Debug|Any CPU
		{4E445434-85B3-46CC-9FBB-4E75CD5D70FE}.Debug|Any CPU.Build.0 = Debug|Any CPU
		{4E445434-85B3-46CC-9FBB-4E75CD5D70FE}.Release|Any CPU.ActiveCfg = Release|Any CPU
		{4E445434-85B3-46CC-9FBB-4E75CD5D70FE}.Release|Any CPU.Build.0 = Release|Any CPU
		{8692BE6B-2BBD-4254-824C-982E8BDEA196}.Debug|Any CPU.ActiveCfg = Debug|Any CPU
		{8692BE6B-2BBD-4254-824C-982E8BDEA196}.Debug|Any CPU.Build.0 = Debug|Any CPU
		{8692BE6B-2BBD-4254-824C-982E8BDEA196}.Release|Any CPU.ActiveCfg = Release|Any CPU
		{8692BE6B-2BBD-4254-824C-982E8BDEA196}.Release|Any CPU.Build.0 = Release|Any CPU
		{BB6B5B4A-F27F-42C7-99D1-9126E66C81EC}.Debug|Any CPU.ActiveCfg = Debug|Any CPU
		{BB6B5B4A-F27F-42C7-99D1-9126E66C81EC}.Debug|Any CPU.Build.0 = Debug|Any CPU
		{BB6B5B4A-F27F-42C7-99D1-9126E66C81EC}.Release|Any CPU.ActiveCfg = Release|Any CPU
		{BB6B5B4A-F27F-42C7-99D1-9126E66C81EC}.Release|Any CPU.Build.0 = Release|Any CPU
	EndGlobalSection
	GlobalSection(SolutionProperties) = preSolution
		HideSolutionNode = FALSE
	EndGlobalSection
	GlobalSection(ExtensibilityGlobals) = postSolution
		SolutionGuid = {A38F262B-2580-4569-900E-D1473FE6ADE0}
	EndGlobalSection
EndGlobal
