
Microsoft Visual Studio Solution File, Format Version 12.00
# Visual Studio Version 16
VisualStudioVersion = 16.0.29519.181
MinimumVisualStudioVersion = 10.0.40219.1
Project("{FAE04EC0-301F-11D3-BF4B-00C04F79EFBC}") = "PESEL", "PESEL\PESEL.csproj", "{3A87DE1A-F288-47DA-85E7-F64DBE2C66F5}"
EndProject
Project("{FAE04EC0-301F-11D3-BF4B-00C04F79EFBC}") = "PESEL.Tests", "PESEL.Tests\PESEL.Tests.csproj", "{58066FCF-7D38-4DDE-9831-F0C3D60AF24F}"
EndProject
Global
	GlobalSection(SolutionConfigurationPlatforms) = preSolution
		Debug|Any CPU = Debug|Any CPU
		Release|Any CPU = Release|Any CPU
	EndGlobalSection
	GlobalSection(ProjectConfigurationPlatforms) = postSolution
		{3A87DE1A-F288-47DA-85E7-F64DBE2C66F5}.Debug|Any CPU.ActiveCfg = Debug|Any CPU
		{3A87DE1A-F288-47DA-85E7-F64DBE2C66F5}.Debug|Any CPU.Build.0 = Debug|Any CPU
		{3A87DE1A-F288-47DA-85E7-F64DBE2C66F5}.Release|Any CPU.ActiveCfg = Release|Any CPU
		{3A87DE1A-F288-47DA-85E7-F64DBE2C66F5}.Release|Any CPU.Build.0 = Release|Any CPU
		{58066FCF-7D38-4DDE-9831-F0C3D60AF24F}.Debug|Any CPU.ActiveCfg = Debug|Any CPU
		{58066FCF-7D38-4DDE-9831-F0C3D60AF24F}.Debug|Any CPU.Build.0 = Debug|Any CPU
		{58066FCF-7D38-4DDE-9831-F0C3D60AF24F}.Release|Any CPU.ActiveCfg = Release|Any CPU
		{58066FCF-7D38-4DDE-9831-F0C3D60AF24F}.Release|Any CPU.Build.0 = Release|Any CPU
	EndGlobalSection
	GlobalSection(SolutionProperties) = preSolution
		HideSolutionNode = FALSE
	EndGlobalSection
	GlobalSection(ExtensibilityGlobals) = postSolution
		SolutionGuid = {A38F262B-2580-4569-900E-D1473FE6ADE0}
	EndGlobalSection
EndGlobal
