
Microsoft Visual Studio Solution File, Format Version 12.00
# Visual Studio 15
VisualStudioVersion = 15.0.27130.2027
MinimumVisualStudioVersion = 10.0.40219.1
Project("{FAE04EC0-301F-11D3-BF4B-00C04F79EFBC}") = "PESEL", "PESEL\PESEL.csproj", "{520DEA8A-555B-4407-830D-BC8ADF115848}"
EndProject
Project("{FAE04EC0-301F-11D3-BF4B-00C04F79EFBC}") = "PESEL.Tests", "PESEL.Tests\PESEL.Tests.csproj", "{536BC7AF-02FD-42AE-9788-A02EFDBDA283}"
EndProject
Global
	GlobalSection(SolutionConfigurationPlatforms) = preSolution
		Debug|Any CPU = Debug|Any CPU
		Release|Any CPU = Release|Any CPU
	EndGlobalSection
	GlobalSection(ProjectConfigurationPlatforms) = postSolution
		{520DEA8A-555B-4407-830D-BC8ADF115848}.Debug|Any CPU.ActiveCfg = Debug|Any CPU
		{520DEA8A-555B-4407-830D-BC8ADF115848}.Debug|Any CPU.Build.0 = Debug|Any CPU
		{520DEA8A-555B-4407-830D-BC8ADF115848}.Release|Any CPU.ActiveCfg = Release|Any CPU
		{520DEA8A-555B-4407-830D-BC8ADF115848}.Release|Any CPU.Build.0 = Release|Any CPU
		{536BC7AF-02FD-42AE-9788-A02EFDBDA283}.Debug|Any CPU.ActiveCfg = Debug|Any CPU
		{536BC7AF-02FD-42AE-9788-A02EFDBDA283}.Debug|Any CPU.Build.0 = Debug|Any CPU
		{536BC7AF-02FD-42AE-9788-A02EFDBDA283}.Release|Any CPU.ActiveCfg = Release|Any CPU
		{536BC7AF-02FD-42AE-9788-A02EFDBDA283}.Release|Any CPU.Build.0 = Release|Any CPU
	EndGlobalSection
	GlobalSection(SolutionProperties) = preSolution
		HideSolutionNode = FALSE
	EndGlobalSection
	GlobalSection(ExtensibilityGlobals) = postSolution
		SolutionGuid = {909776A6-520A-4E96-8390-BB89AEBCFA77}
	EndGlobalSection
EndGlobal
